
Microsoft Visual Studio Solution File, Format Version 12.00
# Visual Studio Version 17
VisualStudioVersion = 17.6.33829.357
MinimumVisualStudioVersion = 10.0.40219.1
Project("{9A19103F-16F7-4668-BE54-9A1E7A4F7556}") = "dotnet31_explore", "dotnet31_explore.csproj", "{BDF9CFA0-291C-43BA-B744-D4BF52646903}"
EndProject
Global
	GlobalSection(SolutionConfigurationPlatforms) = preSolution
		Debug|Any CPU = Debug|Any CPU
		Release|Any CPU = Release|Any CPU
	EndGlobalSection
	GlobalSection(ProjectConfigurationPlatforms) = postSolution
		{BDF9CFA0-291C-43BA-B744-D4BF52646903}.Debug|Any CPU.ActiveCfg = Debug|Any CPU
		{BDF9CFA0-291C-43BA-B744-D4BF52646903}.Debug|Any CPU.Build.0 = Debug|Any CPU
		{BDF9CFA0-291C-43BA-B744-D4BF52646903}.Release|Any CPU.ActiveCfg = Release|Any CPU
		{BDF9CFA0-291C-43BA-B744-D4BF52646903}.Release|Any CPU.Build.0 = Release|Any CPU
	EndGlobalSection
	GlobalSection(SolutionProperties) = preSolution
		HideSolutionNode = FALSE
	EndGlobalSection
	GlobalSection(ExtensibilityGlobals) = postSolution
		SolutionGuid = {E4EF1249-8D21-4708-962D-E8453F97286F}
	EndGlobalSection
EndGlobal
